// !$*UTF8*$!
{
	archiveVersion = 1;
	classes = {
	};
	objectVersion = 50;
	objects = {

/* Begin PBXBuildFile section */
		C4444693292E564500ECA86C /* AppDelegate.swift in Sources */ = {isa = PBXBuildFile; fileRef = C4444692292E564500ECA86C /* AppDelegate.swift */; };
		C4444695292E564500ECA86C /* SceneDelegate.swift in Sources */ = {isa = PBXBuildFile; fileRef = C4444694292E564500ECA86C /* SceneDelegate.swift */; };
		C4444697292E564500ECA86C /* ViewController.swift in Sources */ = {isa = PBXBuildFile; fileRef = C4444696292E564500ECA86C /* ViewController.swift */; };
		C444469A292E564500ECA86C /* Main.storyboard in Resources */ = {isa = PBXBuildFile; fileRef = C4444698292E564500ECA86C /* Main.storyboard */; };
		C444469C292E564700ECA86C /* Assets.xcassets in Resources */ = {isa = PBXBuildFile; fileRef = C444469B292E564700ECA86C /* Assets.xcassets */; };
		C444469F292E564700ECA86C /* LaunchScreen.storyboard in Resources */ = {isa = PBXBuildFile; fileRef = C444469D292E564700ECA86C /* LaunchScreen.storyboard */; };
		C44446A82933ABBA00ECA86C /* Second.storyboard in Resources */ = {isa = PBXBuildFile; fileRef = C44446A62933ABBA00ECA86C /* Second.storyboard */; };
		C44446B2293509CC00ECA86C /* HomeHeader.swift in Sources */ = {isa = PBXBuildFile; fileRef = C44446B0293509CC00ECA86C /* HomeHeader.swift */; };
		C44446B3293509CC00ECA86C /* HomeHeader.xib in Resources */ = {isa = PBXBuildFile; fileRef = C44446B1293509CC00ECA86C /* HomeHeader.xib */; };
		C44446B6293509F600ECA86C /* DetailHeader.swift in Sources */ = {isa = PBXBuildFile; fileRef = C44446B4293509F600ECA86C /* DetailHeader.swift */; };
		C44446B7293509F600ECA86C /* DetailHeader.xib in Resources */ = {isa = PBXBuildFile; fileRef = C44446B5293509F600ECA86C /* DetailHeader.xib */; };
		C44446BA29350A5800ECA86C /* SearchBarCell.swift in Sources */ = {isa = PBXBuildFile; fileRef = C44446B829350A5800ECA86C /* SearchBarCell.swift */; };
		C44446BB29350A5800ECA86C /* SearchBarCell.xib in Resources */ = {isa = PBXBuildFile; fileRef = C44446B929350A5800ECA86C /* SearchBarCell.xib */; };
		C44446BE29350ABA00ECA86C /* FeatureHeaderCell.swift in Sources */ = {isa = PBXBuildFile; fileRef = C44446BC29350ABA00ECA86C /* FeatureHeaderCell.swift */; };
		C44446BF29350ABA00ECA86C /* FeatureHeaderCell.xib in Resources */ = {isa = PBXBuildFile; fileRef = C44446BD29350ABA00ECA86C /* FeatureHeaderCell.xib */; };
		C44446C229350B3E00ECA86C /* FeatureCell1.swift in Sources */ = {isa = PBXBuildFile; fileRef = C44446C029350B3E00ECA86C /* FeatureCell1.swift */; };
		C44446C329350B3E00ECA86C /* FeatureCell1.xib in Resources */ = {isa = PBXBuildFile; fileRef = C44446C129350B3E00ECA86C /* FeatureCell1.xib */; };
		C44446C629350B5E00ECA86C /* FeatureCell2.swift in Sources */ = {isa = PBXBuildFile; fileRef = C44446C429350B5E00ECA86C /* FeatureCell2.swift */; };
		C44446C729350B5E00ECA86C /* FeatureCell2.xib in Resources */ = {isa = PBXBuildFile; fileRef = C44446C529350B5E00ECA86C /* FeatureCell2.xib */; };
		C44446CA29350BDE00ECA86C /* RecommendedHeaderCell.swift in Sources */ = {isa = PBXBuildFile; fileRef = C44446C829350BDE00ECA86C /* RecommendedHeaderCell.swift */; };
		C44446CB29350BDE00ECA86C /* RecommendedHeaderCell.xib in Resources */ = {isa = PBXBuildFile; fileRef = C44446C929350BDE00ECA86C /* RecommendedHeaderCell.xib */; };
		C44446CE29350C1D00ECA86C /* LatestHeaderCell.swift in Sources */ = {isa = PBXBuildFile; fileRef = C44446CC29350C1D00ECA86C /* LatestHeaderCell.swift */; };
		C44446CF29350C1D00ECA86C /* LatestHeaderCell.xib in Resources */ = {isa = PBXBuildFile; fileRef = C44446CD29350C1D00ECA86C /* LatestHeaderCell.xib */; };
		C44446D229350CFC00ECA86C /* RegisterableView.swift in Sources */ = {isa = PBXBuildFile; fileRef = C44446D129350CFC00ECA86C /* RegisterableView.swift */; };
		C44446D429350D9F00ECA86C /* UICollectionView+Extension.swift in Sources */ = {isa = PBXBuildFile; fileRef = C44446D329350D9F00ECA86C /* UICollectionView+Extension.swift */; };
		C44446D629350E5400ECA86C /* UIView+IBInspectable.swift in Sources */ = {isa = PBXBuildFile; fileRef = C44446D529350E5400ECA86C /* UIView+IBInspectable.swift */; };
		C44446D829350FA500ECA86C /* Section.swift in Sources */ = {isa = PBXBuildFile; fileRef = C44446D729350FA500ECA86C /* Section.swift */; };
		C44446DA2935103700ECA86C /* Item.swift in Sources */ = {isa = PBXBuildFile; fileRef = C44446D92935103700ECA86C /* Item.swift */; };
/* End PBXBuildFile section */

/* Begin PBXFileReference section */
		C444468F292E564500ECA86C /* HoliApp.app */ = {isa = PBXFileReference; explicitFileType = wrapper.application; includeInIndex = 0; path = HoliApp.app; sourceTree = BUILT_PRODUCTS_DIR; };
		C4444692292E564500ECA86C /* AppDelegate.swift */ = {isa = PBXFileReference; lastKnownFileType = sourcecode.swift; path = AppDelegate.swift; sourceTree = "<group>"; };
		C4444694292E564500ECA86C /* SceneDelegate.swift */ = {isa = PBXFileReference; lastKnownFileType = sourcecode.swift; path = SceneDelegate.swift; sourceTree = "<group>"; };
		C4444696292E564500ECA86C /* ViewController.swift */ = {isa = PBXFileReference; lastKnownFileType = sourcecode.swift; path = ViewController.swift; sourceTree = "<group>"; };
		C4444699292E564500ECA86C /* Base */ = {isa = PBXFileReference; lastKnownFileType = file.storyboard; name = Base; path = Base.lproj/Main.storyboard; sourceTree = "<group>"; };
		C444469B292E564700ECA86C /* Assets.xcassets */ = {isa = PBXFileReference; lastKnownFileType = folder.assetcatalog; path = Assets.xcassets; sourceTree = "<group>"; };
		C444469E292E564700ECA86C /* Base */ = {isa = PBXFileReference; lastKnownFileType = file.storyboard; name = Base; path = Base.lproj/LaunchScreen.storyboard; sourceTree = "<group>"; };
		C44446A0292E564700ECA86C /* Info.plist */ = {isa = PBXFileReference; lastKnownFileType = text.plist.xml; path = Info.plist; sourceTree = "<group>"; };
		C44446A72933ABBA00ECA86C /* Base */ = {isa = PBXFileReference; lastKnownFileType = file.storyboard; name = Base; path = HoliApp/Base.lproj/Second.storyboard; sourceTree = "<group>"; };
		C44446B0293509CC00ECA86C /* HomeHeader.swift */ = {isa = PBXFileReference; lastKnownFileType = sourcecode.swift; path = HomeHeader.swift; sourceTree = "<group>"; };
		C44446B1293509CC00ECA86C /* HomeHeader.xib */ = {isa = PBXFileReference; lastKnownFileType = file.xib; path = HomeHeader.xib; sourceTree = "<group>"; };
		C44446B4293509F600ECA86C /* DetailHeader.swift */ = {isa = PBXFileReference; lastKnownFileType = sourcecode.swift; path = DetailHeader.swift; sourceTree = "<group>"; };
		C44446B5293509F600ECA86C /* DetailHeader.xib */ = {isa = PBXFileReference; lastKnownFileType = file.xib; path = DetailHeader.xib; sourceTree = "<group>"; };
		C44446B829350A5800ECA86C /* SearchBarCell.swift */ = {isa = PBXFileReference; lastKnownFileType = sourcecode.swift; path = SearchBarCell.swift; sourceTree = "<group>"; };
		C44446B929350A5800ECA86C /* SearchBarCell.xib */ = {isa = PBXFileReference; lastKnownFileType = file.xib; path = SearchBarCell.xib; sourceTree = "<group>"; };
		C44446BC29350ABA00ECA86C /* FeatureHeaderCell.swift */ = {isa = PBXFileReference; lastKnownFileType = sourcecode.swift; path = FeatureHeaderCell.swift; sourceTree = "<group>"; };
		C44446BD29350ABA00ECA86C /* FeatureHeaderCell.xib */ = {isa = PBXFileReference; lastKnownFileType = file.xib; path = FeatureHeaderCell.xib; sourceTree = "<group>"; };
		C44446C029350B3E00ECA86C /* FeatureCell1.swift */ = {isa = PBXFileReference; lastKnownFileType = sourcecode.swift; path = FeatureCell1.swift; sourceTree = "<group>"; };
		C44446C129350B3E00ECA86C /* FeatureCell1.xib */ = {isa = PBXFileReference; lastKnownFileType = file.xib; path = FeatureCell1.xib; sourceTree = "<group>"; };
		C44446C429350B5E00ECA86C /* FeatureCell2.swift */ = {isa = PBXFileReference; lastKnownFileType = sourcecode.swift; path = FeatureCell2.swift; sourceTree = "<group>"; };
		C44446C529350B5E00ECA86C /* FeatureCell2.xib */ = {isa = PBXFileReference; lastKnownFileType = file.xib; path = FeatureCell2.xib; sourceTree = "<group>"; };
		C44446C829350BDE00ECA86C /* RecommendedHeaderCell.swift */ = {isa = PBXFileReference; lastKnownFileType = sourcecode.swift; path = RecommendedHeaderCell.swift; sourceTree = "<group>"; };
		C44446C929350BDE00ECA86C /* RecommendedHeaderCell.xib */ = {isa = PBXFileReference; lastKnownFileType = file.xib; path = RecommendedHeaderCell.xib; sourceTree = "<group>"; };
		C44446CC29350C1D00ECA86C /* LatestHeaderCell.swift */ = {isa = PBXFileReference; lastKnownFileType = sourcecode.swift; path = LatestHeaderCell.swift; sourceTree = "<group>"; };
		C44446CD29350C1D00ECA86C /* LatestHeaderCell.xib */ = {isa = PBXFileReference; lastKnownFileType = file.xib; path = LatestHeaderCell.xib; sourceTree = "<group>"; };
		C44446D129350CFC00ECA86C /* RegisterableView.swift */ = {isa = PBXFileReference; lastKnownFileType = sourcecode.swift; path = RegisterableView.swift; sourceTree = "<group>"; };
		C44446D329350D9F00ECA86C /* UICollectionView+Extension.swift */ = {isa = PBXFileReference; lastKnownFileType = sourcecode.swift; path = "UICollectionView+Extension.swift"; sourceTree = "<group>"; };
		C44446D529350E5400ECA86C /* UIView+IBInspectable.swift */ = {isa = PBXFileReference; lastKnownFileType = sourcecode.swift; path = "UIView+IBInspectable.swift"; sourceTree = "<group>"; };
		C44446D729350FA500ECA86C /* Section.swift */ = {isa = PBXFileReference; lastKnownFileType = sourcecode.swift; path = Section.swift; sourceTree = "<group>"; };
		C44446D92935103700ECA86C /* Item.swift */ = {isa = PBXFileReference; lastKnownFileType = sourcecode.swift; path = Item.swift; sourceTree = "<group>"; };
/* End PBXFileReference section */

/* Begin PBXFrameworksBuildPhase section */
		C444468C292E564500ECA86C /* Frameworks */ = {
			isa = PBXFrameworksBuildPhase;
			buildActionMask = 2147483647;
			files = (
			);
			runOnlyForDeploymentPostprocessing = 0;
		};
/* End PBXFrameworksBuildPhase section */

/* Begin PBXGroup section */
		C4444686292E564500ECA86C = {
			isa = PBXGroup;
			children = (
				C44446A62933ABBA00ECA86C /* Second.storyboard */,
				C4444691292E564500ECA86C /* HoliApp */,
				C4444690292E564500ECA86C /* Products */,
			);
			sourceTree = "<group>";
		};
		C4444690292E564500ECA86C /* Products */ = {
			isa = PBXGroup;
			children = (
				C444468F292E564500ECA86C /* HoliApp.app */,
			);
			name = Products;
			sourceTree = "<group>";
		};
		C4444691292E564500ECA86C /* HoliApp */ = {
			isa = PBXGroup;
			children = (
				C44446D029350CA700ECA86C /* Utilities */,
				C44446AB2933C2A200ECA86C /* Model */,
				C44446AA2933C26200ECA86C /* Cells */,
				C4444692292E564500ECA86C /* AppDelegate.swift */,
				C4444694292E564500ECA86C /* SceneDelegate.swift */,
				C4444696292E564500ECA86C /* ViewController.swift */,
				C4444698292E564500ECA86C /* Main.storyboard */,
				C444469B292E564700ECA86C /* Assets.xcassets */,
				C444469D292E564700ECA86C /* LaunchScreen.storyboard */,
				C44446A0292E564700ECA86C /* Info.plist */,
			);
			path = HoliApp;
			sourceTree = "<group>";
		};
		C44446AA2933C26200ECA86C /* Cells */ = {
			isa = PBXGroup;
			children = (
				C44446B0293509CC00ECA86C /* HomeHeader.swift */,
				C44446B1293509CC00ECA86C /* HomeHeader.xib */,
				C44446B4293509F600ECA86C /* DetailHeader.swift */,
				C44446B5293509F600ECA86C /* DetailHeader.xib */,
				C44446B829350A5800ECA86C /* SearchBarCell.swift */,
				C44446B929350A5800ECA86C /* SearchBarCell.xib */,
				C44446BC29350ABA00ECA86C /* FeatureHeaderCell.swift */,
				C44446BD29350ABA00ECA86C /* FeatureHeaderCell.xib */,
				C44446C029350B3E00ECA86C /* FeatureCell1.swift */,
				C44446C129350B3E00ECA86C /* FeatureCell1.xib */,
				C44446C429350B5E00ECA86C /* FeatureCell2.swift */,
				C44446C529350B5E00ECA86C /* FeatureCell2.xib */,
				C44446C829350BDE00ECA86C /* RecommendedHeaderCell.swift */,
				C44446C929350BDE00ECA86C /* RecommendedHeaderCell.xib */,
				C44446CC29350C1D00ECA86C /* LatestHeaderCell.swift */,
				C44446CD29350C1D00ECA86C /* LatestHeaderCell.xib */,
			);
			path = Cells;
			sourceTree = "<group>";
		};
		C44446AB2933C2A200ECA86C /* Model */ = {
			isa = PBXGroup;
			children = (
				C44446D729350FA500ECA86C /* Section.swift */,
				C44446D92935103700ECA86C /* Item.swift */,
			);
			path = Model;
			sourceTree = "<group>";
		};
		C44446D029350CA700ECA86C /* Utilities */ = {
			isa = PBXGroup;
			children = (
				C44446D129350CFC00ECA86C /* RegisterableView.swift */,
				C44446D329350D9F00ECA86C /* UICollectionView+Extension.swift */,
				C44446D529350E5400ECA86C /* UIView+IBInspectable.swift */,
			);
			path = Utilities;
			sourceTree = "<group>";
		};
/* End PBXGroup section */

/* Begin PBXNativeTarget section */
		C444468E292E564500ECA86C /* HoliApp */ = {
			isa = PBXNativeTarget;
			buildConfigurationList = C44446A3292E564700ECA86C /* Build configuration list for PBXNativeTarget "HoliApp" */;
			buildPhases = (
				C444468B292E564500ECA86C /* Sources */,
				C444468C292E564500ECA86C /* Frameworks */,
				C444468D292E564500ECA86C /* Resources */,
			);
			buildRules = (
			);
			dependencies = (
			);
			name = HoliApp;
			productName = HoliApp;
			productReference = C444468F292E564500ECA86C /* HoliApp.app */;
			productType = "com.apple.product-type.application";
		};
/* End PBXNativeTarget section */

/* Begin PBXProject section */
		C4444687292E564500ECA86C /* Project object */ = {
			isa = PBXProject;
			attributes = {
				LastSwiftUpdateCheck = 1250;
				LastUpgradeCheck = 1250;
				TargetAttributes = {
					C444468E292E564500ECA86C = {
						CreatedOnToolsVersion = 12.5.1;
					};
				};
			};
			buildConfigurationList = C444468A292E564500ECA86C /* Build configuration list for PBXProject "HoliApp" */;
			compatibilityVersion = "Xcode 9.3";
			developmentRegion = en;
			hasScannedForEncodings = 0;
			knownRegions = (
				en,
				Base,
			);
			mainGroup = C4444686292E564500ECA86C;
			productRefGroup = C4444690292E564500ECA86C /* Products */;
			projectDirPath = "";
			projectRoot = "";
			targets = (
				C444468E292E564500ECA86C /* HoliApp */,
			);
		};
/* End PBXProject section */

/* Begin PBXResourcesBuildPhase section */
		C444468D292E564500ECA86C /* Resources */ = {
			isa = PBXResourcesBuildPhase;
			buildActionMask = 2147483647;
			files = (
				C44446CB29350BDE00ECA86C /* RecommendedHeaderCell.xib in Resources */,
				C44446A82933ABBA00ECA86C /* Second.storyboard in Resources */,
				C44446B3293509CC00ECA86C /* HomeHeader.xib in Resources */,
				C44446CF29350C1D00ECA86C /* LatestHeaderCell.xib in Resources */,
				C444469F292E564700ECA86C /* LaunchScreen.storyboard in Resources */,
				C44446BF29350ABA00ECA86C /* FeatureHeaderCell.xib in Resources */,
				C44446C329350B3E00ECA86C /* FeatureCell1.xib in Resources */,
				C44446C729350B5E00ECA86C /* FeatureCell2.xib in Resources */,
				C44446B7293509F600ECA86C /* DetailHeader.xib in Resources */,
				C444469C292E564700ECA86C /* Assets.xcassets in Resources */,
				C444469A292E564500ECA86C /* Main.storyboard in Resources */,
				C44446BB29350A5800ECA86C /* SearchBarCell.xib in Resources */,
			);
			runOnlyForDeploymentPostprocessing = 0;
		};
/* End PBXResourcesBuildPhase section */

/* Begin PBXSourcesBuildPhase section */
		C444468B292E564500ECA86C /* Sources */ = {
			isa = PBXSourcesBuildPhase;
			buildActionMask = 2147483647;
			files = (
				C44446D829350FA500ECA86C /* Section.swift in Sources */,
				C4444697292E564500ECA86C /* ViewController.swift in Sources */,
				C44446D229350CFC00ECA86C /* RegisterableView.swift in Sources */,
				C44446BA29350A5800ECA86C /* SearchBarCell.swift in Sources */,
				C44446DA2935103700ECA86C /* Item.swift in Sources */,
				C44446CA29350BDE00ECA86C /* RecommendedHeaderCell.swift in Sources */,
				C44446C229350B3E00ECA86C /* FeatureCell1.swift in Sources */,
				C44446CE29350C1D00ECA86C /* LatestHeaderCell.swift in Sources */,
				C44446D429350D9F00ECA86C /* UICollectionView+Extension.swift in Sources */,
				C44446B2293509CC00ECA86C /* HomeHeader.swift in Sources */,
				C4444693292E564500ECA86C /* AppDelegate.swift in Sources */,
				C44446C629350B5E00ECA86C /* FeatureCell2.swift in Sources */,
				C44446D629350E5400ECA86C /* UIView+IBInspectable.swift in Sources */,
				C44446B6293509F600ECA86C /* DetailHeader.swift in Sources */,
				C44446BE29350ABA00ECA86C /* FeatureHeaderCell.swift in Sources */,
				C4444695292E564500ECA86C /* SceneDelegate.swift in Sources */,
			);
			runOnlyForDeploymentPostprocessing = 0;
		};
/* End PBXSourcesBuildPhase section */

/* Begin PBXVariantGroup section */
		C4444698292E564500ECA86C /* Main.storyboard */ = {
			isa = PBXVariantGroup;
			children = (
				C4444699292E564500ECA86C /* Base */,
			);
			name = Main.storyboard;
			sourceTree = "<group>";
		};
		C444469D292E564700ECA86C /* LaunchScreen.storyboard */ = {
			isa = PBXVariantGroup;
			children = (
				C444469E292E564700ECA86C /* Base */,
			);
			name = LaunchScreen.storyboard;
			sourceTree = "<group>";
		};
		C44446A62933ABBA00ECA86C /* Second.storyboard */ = {
			isa = PBXVariantGroup;
			children = (
				C44446A72933ABBA00ECA86C /* Base */,
			);
			name = Second.storyboard;
			sourceTree = "<group>";
		};
/* End PBXVariantGroup section */

/* Begin XCBuildConfiguration section */
		C44446A1292E564700ECA86C /* Debug */ = {
			isa = XCBuildConfiguration;
			buildSettings = {
				ALWAYS_SEARCH_USER_PATHS = NO;
				CLANG_ANALYZER_NONNULL = YES;
				CLANG_ANALYZER_NUMBER_OBJECT_CONVERSION = YES_AGGRESSIVE;
				CLANG_CXX_LANGUAGE_STANDARD = "gnu++14";
				CLANG_CXX_LIBRARY = "libc++";
				CLANG_ENABLE_MODULES = YES;
				CLANG_ENABLE_OBJC_ARC = YES;
				CLANG_ENABLE_OBJC_WEAK = YES;
				CLANG_WARN_BLOCK_CAPTURE_AUTORELEASING = YES;
				CLANG_WARN_BOOL_CONVERSION = YES;
				CLANG_WARN_COMMA = YES;
				CLANG_WARN_CONSTANT_CONVERSION = YES;
				CLANG_WARN_DEPRECATED_OBJC_IMPLEMENTATIONS = YES;
				CLANG_WARN_DIRECT_OBJC_ISA_USAGE = YES_ERROR;
				CLANG_WARN_DOCUMENTATION_COMMENTS = YES;
				CLANG_WARN_EMPTY_BODY = YES;
				CLANG_WARN_ENUM_CONVERSION = YES;
				CLANG_WARN_INFINITE_RECURSION = YES;
				CLANG_WARN_INT_CONVERSION = YES;
				CLANG_WARN_NON_LITERAL_NULL_CONVERSION = YES;
				CLANG_WARN_OBJC_IMPLICIT_RETAIN_SELF = YES;
				CLANG_WARN_OBJC_LITERAL_CONVERSION = YES;
				CLANG_WARN_OBJC_ROOT_CLASS = YES_ERROR;
				CLANG_WARN_QUOTED_INCLUDE_IN_FRAMEWORK_HEADER = YES;
				CLANG_WARN_RANGE_LOOP_ANALYSIS = YES;
				CLANG_WARN_STRICT_PROTOTYPES = YES;
				CLANG_WARN_SUSPICIOUS_MOVE = YES;
				CLANG_WARN_UNGUARDED_AVAILABILITY = YES_AGGRESSIVE;
				CLANG_WARN_UNREACHABLE_CODE = YES;
				CLANG_WARN__DUPLICATE_METHOD_MATCH = YES;
				COPY_PHASE_STRIP = NO;
				DEBUG_INFORMATION_FORMAT = dwarf;
				ENABLE_STRICT_OBJC_MSGSEND = YES;
				ENABLE_TESTABILITY = YES;
				GCC_C_LANGUAGE_STANDARD = gnu11;
				GCC_DYNAMIC_NO_PIC = NO;
				GCC_NO_COMMON_BLOCKS = YES;
				GCC_OPTIMIZATION_LEVEL = 0;
				GCC_PREPROCESSOR_DEFINITIONS = (
					"DEBUG=1",
					"$(inherited)",
				);
				GCC_WARN_64_TO_32_BIT_CONVERSION = YES;
				GCC_WARN_ABOUT_RETURN_TYPE = YES_ERROR;
				GCC_WARN_UNDECLARED_SELECTOR = YES;
				GCC_WARN_UNINITIALIZED_AUTOS = YES_AGGRESSIVE;
				GCC_WARN_UNUSED_FUNCTION = YES;
				GCC_WARN_UNUSED_VARIABLE = YES;
				IPHONEOS_DEPLOYMENT_TARGET = 14.5;
				MTL_ENABLE_DEBUG_INFO = INCLUDE_SOURCE;
				MTL_FAST_MATH = YES;
				ONLY_ACTIVE_ARCH = YES;
				SDKROOT = iphoneos;
				SWIFT_ACTIVE_COMPILATION_CONDITIONS = DEBUG;
				SWIFT_OPTIMIZATION_LEVEL = "-Onone";
			};
			name = Debug;
		};
		C44446A2292E564700ECA86C /* Release */ = {
			isa = XCBuildConfiguration;
			buildSettings = {
				ALWAYS_SEARCH_USER_PATHS = NO;
				CLANG_ANALYZER_NONNULL = YES;
				CLANG_ANALYZER_NUMBER_OBJECT_CONVERSION = YES_AGGRESSIVE;
				CLANG_CXX_LANGUAGE_STANDARD = "gnu++14";
				CLANG_CXX_LIBRARY = "libc++";
				CLANG_ENABLE_MODULES = YES;
				CLANG_ENABLE_OBJC_ARC = YES;
				CLANG_ENABLE_OBJC_WEAK = YES;
				CLANG_WARN_BLOCK_CAPTURE_AUTORELEASING = YES;
				CLANG_WARN_BOOL_CONVERSION = YES;
				CLANG_WARN_COMMA = YES;
				CLANG_WARN_CONSTANT_CONVERSION = YES;
				CLANG_WARN_DEPRECATED_OBJC_IMPLEMENTATIONS = YES;
				CLANG_WARN_DIRECT_OBJC_ISA_USAGE = YES_ERROR;
				CLANG_WARN_DOCUMENTATION_COMMENTS = YES;
				CLANG_WARN_EMPTY_BODY = YES;
				CLANG_WARN_ENUM_CONVERSION = YES;
				CLANG_WARN_INFINITE_RECURSION = YES;
				CLANG_WARN_INT_CONVERSION = YES;
				CLANG_WARN_NON_LITERAL_NULL_CONVERSION = YES;
				CLANG_WARN_OBJC_IMPLICIT_RETAIN_SELF = YES;
				CLANG_WARN_OBJC_LITERAL_CONVERSION = YES;
				CLANG_WARN_OBJC_ROOT_CLASS = YES_ERROR;
				CLANG_WARN_QUOTED_INCLUDE_IN_FRAMEWORK_HEADER = YES;
				CLANG_WARN_RANGE_LOOP_ANALYSIS = YES;
				CLANG_WARN_STRICT_PROTOTYPES = YES;
				CLANG_WARN_SUSPICIOUS_MOVE = YES;
				CLANG_WARN_UNGUARDED_AVAILABILITY = YES_AGGRESSIVE;
				CLANG_WARN_UNREACHABLE_CODE = YES;
				CLANG_WARN__DUPLICATE_METHOD_MATCH = YES;
				COPY_PHASE_STRIP = NO;
				DEBUG_INFORMATION_FORMAT = "dwarf-with-dsym";
				ENABLE_NS_ASSERTIONS = NO;
				ENABLE_STRICT_OBJC_MSGSEND = YES;
				GCC_C_LANGUAGE_STANDARD = gnu11;
				GCC_NO_COMMON_BLOCKS = YES;
				GCC_WARN_64_TO_32_BIT_CONVERSION = YES;
				GCC_WARN_ABOUT_RETURN_TYPE = YES_ERROR;
				GCC_WARN_UNDECLARED_SELECTOR = YES;
				GCC_WARN_UNINITIALIZED_AUTOS = YES_AGGRESSIVE;
				GCC_WARN_UNUSED_FUNCTION = YES;
				GCC_WARN_UNUSED_VARIABLE = YES;
				IPHONEOS_DEPLOYMENT_TARGET = 14.5;
				MTL_ENABLE_DEBUG_INFO = NO;
				MTL_FAST_MATH = YES;
				SDKROOT = iphoneos;
				SWIFT_COMPILATION_MODE = wholemodule;
				SWIFT_OPTIMIZATION_LEVEL = "-O";
				VALIDATE_PRODUCT = YES;
			};
			name = Release;
		};
		C44446A4292E564700ECA86C /* Debug */ = {
			isa = XCBuildConfiguration;
			buildSettings = {
				ASSETCATALOG_COMPILER_APPICON_NAME = AppIcon;
				ASSETCATALOG_COMPILER_GLOBAL_ACCENT_COLOR_NAME = AccentColor;
				CODE_SIGN_STYLE = Automatic;
				INFOPLIST_FILE = HoliApp/Info.plist;
				LD_RUNPATH_SEARCH_PATHS = (
					"$(inherited)",
					"@executable_path/Frameworks",
				);
				PRODUCT_BUNDLE_IDENTIFIER = Edfarm.HoliApp;
				PRODUCT_NAME = "$(TARGET_NAME)";
				SWIFT_VERSION = 5.0;
				TARGETED_DEVICE_FAMILY = "1,2";
			};
			name = Debug;
		};
		C44446A5292E564700ECA86C /* Release */ = {
			isa = XCBuildConfiguration;
			buildSettings = {
				ASSETCATALOG_COMPILER_APPICON_NAME = AppIcon;
				ASSETCATALOG_COMPILER_GLOBAL_ACCENT_COLOR_NAME = AccentColor;
				CODE_SIGN_STYLE = Automatic;
				INFOPLIST_FILE = HoliApp/Info.plist;
				LD_RUNPATH_SEARCH_PATHS = (
					"$(inherited)",
					"@executable_path/Frameworks",
				);
				PRODUCT_BUNDLE_IDENTIFIER = Edfarm.HoliApp;
				PRODUCT_NAME = "$(TARGET_NAME)";
				SWIFT_VERSION = 5.0;
				TARGETED_DEVICE_FAMILY = "1,2";
			};
			name = Release;
		};
/* End XCBuildConfiguration section */

/* Begin XCConfigurationList section */
		C444468A292E564500ECA86C /* Build configuration list for PBXProject "HoliApp" */ = {
			isa = XCConfigurationList;
			buildConfigurations = (
				C44446A1292E564700ECA86C /* Debug */,
				C44446A2292E564700ECA86C /* Release */,
			);
			defaultConfigurationIsVisible = 0;
			defaultConfigurationName = Release;
		};
		C44446A3292E564700ECA86C /* Build configuration list for PBXNativeTarget "HoliApp" */ = {
			isa = XCConfigurationList;
			buildConfigurations = (
				C44446A4292E564700ECA86C /* Debug */,
				C44446A5292E564700ECA86C /* Release */,
			);
			defaultConfigurationIsVisible = 0;
			defaultConfigurationName = Release;
		};
/* End XCConfigurationList section */
	};
	rootObject = C4444687292E564500ECA86C /* Project object */;
}
