// !$*UTF8*$!
{
	archiveVersion = 1;
	classes = {
	};
	objectVersion = 50;
	objects = {

/* Begin PBXBuildFile section */
		C4444693292E564500ECA86C /* AppDelegate.swift in Sources */ = {isa = PBXBuildFile; fileRef = C4444692292E564500ECA86C /* AppDelegate.swift */; };
		C4444695292E564500ECA86C /* SceneDelegate.swift in Sources */ = {isa = PBXBuildFile; fileRef = C4444694292E564500ECA86C /* SceneDelegate.swift */; };
		C4444697292E564500ECA86C /* ViewController.swift in Sources */ = {isa = PBXBuildFile; fileRef = C4444696292E564500ECA86C /* ViewController.swift */; };
		C444469A292E564500ECA86C /* Main.storyboard in Resources */ = {isa = PBXBuildFile; fileRef = C4444698292E564500ECA86C /* Main.storyboard */; };
		C444469C292E564700ECA86C /* Assets.xcassets in Resources */ = {isa = PBXBuildFile; fileRef = C444469B292E564700ECA86C /* Assets.xcassets */; };
		C444469F292E564700ECA86C /* LaunchScreen.storyboard in Resources */ = {isa = PBXBuildFile; fileRef = C444469D292E564700ECA86C /* LaunchScreen.storyboard */; };
		C44446A82933ABBA00ECA86C /* Second.storyboard in Resources */ = {isa = PBXBuildFile; fileRef = C44446A62933ABBA00ECA86C /* Second.storyboard */; };
		C44446AE2933C38A00ECA86C /* CollectionViewCell.swift in Sources */ = {isa = PBXBuildFile; fileRef = C44446AC2933C38A00ECA86C /* CollectionViewCell.swift */; };
		C44446AF2933C38A00ECA86C /* CollectionViewCell.xib in Resources */ = {isa = PBXBuildFile; fileRef = C44446AD2933C38A00ECA86C /* CollectionViewCell.xib */; };
/* End PBXBuildFile section */

/* Begin PBXFileReference section */
		C444468F292E564500ECA86C /* HoliApp.app */ = {isa = PBXFileReference; explicitFileType = wrapper.application; includeInIndex = 0; path = HoliApp.app; sourceTree = BUILT_PRODUCTS_DIR; };
		C4444692292E564500ECA86C /* AppDelegate.swift */ = {isa = PBXFileReference; lastKnownFileType = sourcecode.swift; path = AppDelegate.swift; sourceTree = "<group>"; };
		C4444694292E564500ECA86C /* SceneDelegate.swift */ = {isa = PBXFileReference; lastKnownFileType = sourcecode.swift; path = SceneDelegate.swift; sourceTree = "<group>"; };
		C4444696292E564500ECA86C /* ViewController.swift */ = {isa = PBXFileReference; lastKnownFileType = sourcecode.swift; path = ViewController.swift; sourceTree = "<group>"; };
		C4444699292E564500ECA86C /* Base */ = {isa = PBXFileReference; lastKnownFileType = file.storyboard; name = Base; path = Base.lproj/Main.storyboard; sourceTree = "<group>"; };
		C444469B292E564700ECA86C /* Assets.xcassets */ = {isa = PBXFileReference; lastKnownFileType = folder.assetcatalog; path = Assets.xcassets; sourceTree = "<group>"; };
		C444469E292E564700ECA86C /* Base */ = {isa = PBXFileReference; lastKnownFileType = file.storyboard; name = Base; path = Base.lproj/LaunchScreen.storyboard; sourceTree = "<group>"; };
		C44446A0292E564700ECA86C /* Info.plist */ = {isa = PBXFileReference; lastKnownFileType = text.plist.xml; path = Info.plist; sourceTree = "<group>"; };
		C44446A72933ABBA00ECA86C /* Base */ = {isa = PBXFileReference; lastKnownFileType = file.storyboard; name = Base; path = HoliApp/Base.lproj/Second.storyboard; sourceTree = "<group>"; };
		C44446AC2933C38A00ECA86C /* CollectionViewCell.swift */ = {isa = PBXFileReference; lastKnownFileType = sourcecode.swift; path = CollectionViewCell.swift; sourceTree = "<group>"; };
		C44446AD2933C38A00ECA86C /* CollectionViewCell.xib */ = {isa = PBXFileReference; lastKnownFileType = file.xib; path = CollectionViewCell.xib; sourceTree = "<group>"; };
/* End PBXFileReference section */

/* Begin PBXFrameworksBuildPhase section */
		C444468C292E564500ECA86C /* Frameworks */ = {
			isa = PBXFrameworksBuildPhase;
			buildActionMask = 2147483647;
			files = (
			);
			runOnlyForDeploymentPostprocessing = 0;
		};
/* End PBXFrameworksBuildPhase section */

/* Begin PBXGroup section */
		C4444686292E564500ECA86C = {
			isa = PBXGroup;
			children = (
				C44446A62933ABBA00ECA86C /* Second.storyboard */,
				C4444691292E564500ECA86C /* HoliApp */,
				C4444690292E564500ECA86C /* Products */,
			);
			sourceTree = "<group>";
		};
		C4444690292E564500ECA86C /* Products */ = {
			isa = PBXGroup;
			children = (
				C444468F292E564500ECA86C /* HoliApp.app */,
			);
			name = Products;
			sourceTree = "<group>";
		};
		C4444691292E564500ECA86C /* HoliApp */ = {
			isa = PBXGroup;
			children = (
				C44446AB2933C2A200ECA86C /* Model */,
				C44446AA2933C26200ECA86C /* Cells */,
				C4444692292E564500ECA86C /* AppDelegate.swift */,
				C4444694292E564500ECA86C /* SceneDelegate.swift */,
				C4444696292E564500ECA86C /* ViewController.swift */,
				C4444698292E564500ECA86C /* Main.storyboard */,
				C444469B292E564700ECA86C /* Assets.xcassets */,
				C444469D292E564700ECA86C /* LaunchScreen.storyboard */,
				C44446A0292E564700ECA86C /* Info.plist */,
			);
			path = HoliApp;
			sourceTree = "<group>";
		};
		C44446AA2933C26200ECA86C /* Cells */ = {
			isa = PBXGroup;
			children = (
				C44446AC2933C38A00ECA86C /* CollectionViewCell.swift */,
				C44446AD2933C38A00ECA86C /* CollectionViewCell.xib */,
			);
			path = Cells;
			sourceTree = "<group>";
		};
		C44446AB2933C2A200ECA86C /* Model */ = {
			isa = PBXGroup;
			children = (
			);
			path = Model;
			sourceTree = "<group>";
		};
/* End PBXGroup section */

/* Begin PBXNativeTarget section */
		C444468E292E564500ECA86C /* HoliApp */ = {
			isa = PBXNativeTarget;
			buildConfigurationList = C44446A3292E564700ECA86C /* Build configuration list for PBXNativeTarget "HoliApp" */;
			buildPhases = (
				C444468B292E564500ECA86C /* Sources */,
				C444468C292E564500ECA86C /* Frameworks */,
				C444468D292E564500ECA86C /* Resources */,
			);
			buildRules = (
			);
			dependencies = (
			);
			name = HoliApp;
			productName = HoliApp;
			productReference = C444468F292E564500ECA86C /* HoliApp.app */;
			productType = "com.apple.product-type.application";
		};
/* End PBXNativeTarget section */

/* Begin PBXProject section */
		C4444687292E564500ECA86C /* Project object */ = {
			isa = PBXProject;
			attributes = {
				LastSwiftUpdateCheck = 1250;
				LastUpgradeCheck = 1250;
				TargetAttributes = {
					C444468E292E564500ECA86C = {
						CreatedOnToolsVersion = 12.5.1;
					};
				};
			};
			buildConfigurationList = C444468A292E564500ECA86C /* Build configuration list for PBXProject "HoliApp" */;
			compatibilityVersion = "Xcode 9.3";
			developmentRegion = en;
			hasScannedForEncodings = 0;
			knownRegions = (
				en,
				Base,
			);
			mainGroup = C4444686292E564500ECA86C;
			productRefGroup = C4444690292E564500ECA86C /* Products */;
			projectDirPath = "";
			projectRoot = "";
			targets = (
				C444468E292E564500ECA86C /* HoliApp */,
			);
		};
/* End PBXProject section */

/* Begin PBXResourcesBuildPhase section */
		C444468D292E564500ECA86C /* Resources */ = {
			isa = PBXResourcesBuildPhase;
			buildActionMask = 2147483647;
			files = (
				C44446A82933ABBA00ECA86C /* Second.storyboard in Resources */,
				C444469F292E564700ECA86C /* LaunchScreen.storyboard in Resources */,
				C444469C292E564700ECA86C /* Assets.xcassets in Resources */,
				C444469A292E564500ECA86C /* Main.storyboard in Resources */,
				C44446AF2933C38A00ECA86C /* CollectionViewCell.xib in Resources */,
			);
			runOnlyForDeploymentPostprocessing = 0;
		};
/* End PBXResourcesBuildPhase section */

/* Begin PBXSourcesBuildPhase section */
		C444468B292E564500ECA86C /* Sources */ = {
			isa = PBXSourcesBuildPhase;
			buildActionMask = 2147483647;
			files = (
				C4444697292E564500ECA86C /* ViewController.swift in Sources */,
				C4444693292E564500ECA86C /* AppDelegate.swift in Sources */,
				C44446AE2933C38A00ECA86C /* CollectionViewCell.swift in Sources */,
				C4444695292E564500ECA86C /* SceneDelegate.swift in Sources */,
			);
			runOnlyForDeploymentPostprocessing = 0;
		};
/* End PBXSourcesBuildPhase section */

/* Begin PBXVariantGroup section */
		C4444698292E564500ECA86C /* Main.storyboard */ = {
			isa = PBXVariantGroup;
			children = (
				C4444699292E564500ECA86C /* Base */,
			);
			name = Main.storyboard;
			sourceTree = "<group>";
		};
		C444469D292E564700ECA86C /* LaunchScreen.storyboard */ = {
			isa = PBXVariantGroup;
			children = (
				C444469E292E564700ECA86C /* Base */,
			);
			name = LaunchScreen.storyboard;
			sourceTree = "<group>";
		};
		C44446A62933ABBA00ECA86C /* Second.storyboard */ = {
			isa = PBXVariantGroup;
			children = (
				C44446A72933ABBA00ECA86C /* Base */,
			);
			name = Second.storyboard;
			sourceTree = "<group>";
		};
/* End PBXVariantGroup section */

/* Begin XCBuildConfiguration section */
		C44446A1292E564700ECA86C /* Debug */ = {
			isa = XCBuildConfiguration;
			buildSettings = {
				ALWAYS_SEARCH_USER_PATHS = NO;
				CLANG_ANALYZER_NONNULL = YES;
				CLANG_ANALYZER_NUMBER_OBJECT_CONVERSION = YES_AGGRESSIVE;
				CLANG_CXX_LANGUAGE_STANDARD = "gnu++14";
				CLANG_CXX_LIBRARY = "libc++";
				CLANG_ENABLE_MODULES = YES;
				CLANG_ENABLE_OBJC_ARC = YES;
				CLANG_ENABLE_OBJC_WEAK = YES;
				CLANG_WARN_BLOCK_CAPTURE_AUTORELEASING = YES;
				CLANG_WARN_BOOL_CONVERSION = YES;
				CLANG_WARN_COMMA = YES;
				CLANG_WARN_CONSTANT_CONVERSION = YES;
				CLANG_WARN_DEPRECATED_OBJC_IMPLEMENTATIONS = YES;
				CLANG_WARN_DIRECT_OBJC_ISA_USAGE = YES_ERROR;
				CLANG_WARN_DOCUMENTATION_COMMENTS = YES;
				CLANG_WARN_EMPTY_BODY = YES;
				CLANG_WARN_ENUM_CONVERSION = YES;
				CLANG_WARN_INFINITE_RECURSION = YES;
				CLANG_WARN_INT_CONVERSION = YES;
				CLANG_WARN_NON_LITERAL_NULL_CONVERSION = YES;
				CLANG_WARN_OBJC_IMPLICIT_RETAIN_SELF = YES;
				CLANG_WARN_OBJC_LITERAL_CONVERSION = YES;
				CLANG_WARN_OBJC_ROOT_CLASS = YES_ERROR;
				CLANG_WARN_QUOTED_INCLUDE_IN_FRAMEWORK_HEADER = YES;
				CLANG_WARN_RANGE_LOOP_ANALYSIS = YES;
				CLANG_WARN_STRICT_PROTOTYPES = YES;
				CLANG_WARN_SUSPICIOUS_MOVE = YES;
				CLANG_WARN_UNGUARDED_AVAILABILITY = YES_AGGRESSIVE;
				CLANG_WARN_UNREACHABLE_CODE = YES;
				CLANG_WARN__DUPLICATE_METHOD_MATCH = YES;
				COPY_PHASE_STRIP = NO;
				DEBUG_INFORMATION_FORMAT = dwarf;
				ENABLE_STRICT_OBJC_MSGSEND = YES;
				ENABLE_TESTABILITY = YES;
				GCC_C_LANGUAGE_STANDARD = gnu11;
				GCC_DYNAMIC_NO_PIC = NO;
				GCC_NO_COMMON_BLOCKS = YES;
				GCC_OPTIMIZATION_LEVEL = 0;
				GCC_PREPROCESSOR_DEFINITIONS = (
					"DEBUG=1",
					"$(inherited)",
				);
				GCC_WARN_64_TO_32_BIT_CONVERSION = YES;
				GCC_WARN_ABOUT_RETURN_TYPE = YES_ERROR;
				GCC_WARN_UNDECLARED_SELECTOR = YES;
				GCC_WARN_UNINITIALIZED_AUTOS = YES_AGGRESSIVE;
				GCC_WARN_UNUSED_FUNCTION = YES;
				GCC_WARN_UNUSED_VARIABLE = YES;
				IPHONEOS_DEPLOYMENT_TARGET = 14.5;
				MTL_ENABLE_DEBUG_INFO = INCLUDE_SOURCE;
				MTL_FAST_MATH = YES;
				ONLY_ACTIVE_ARCH = YES;
				SDKROOT = iphoneos;
				SWIFT_ACTIVE_COMPILATION_CONDITIONS = DEBUG;
				SWIFT_OPTIMIZATION_LEVEL = "-Onone";
			};
			name = Debug;
		};
		C44446A2292E564700ECA86C /* Release */ = {
			isa = XCBuildConfiguration;
			buildSettings = {
				ALWAYS_SEARCH_USER_PATHS = NO;
				CLANG_ANALYZER_NONNULL = YES;
				CLANG_ANALYZER_NUMBER_OBJECT_CONVERSION = YES_AGGRESSIVE;
				CLANG_CXX_LANGUAGE_STANDARD = "gnu++14";
				CLANG_CXX_LIBRARY = "libc++";
				CLANG_ENABLE_MODULES = YES;
				CLANG_ENABLE_OBJC_ARC = YES;
				CLANG_ENABLE_OBJC_WEAK = YES;
				CLANG_WARN_BLOCK_CAPTURE_AUTORELEASING = YES;
				CLANG_WARN_BOOL_CONVERSION = YES;
				CLANG_WARN_COMMA = YES;
				CLANG_WARN_CONSTANT_CONVERSION = YES;
				CLANG_WARN_DEPRECATED_OBJC_IMPLEMENTATIONS = YES;
				CLANG_WARN_DIRECT_OBJC_ISA_USAGE = YES_ERROR;
				CLANG_WARN_DOCUMENTATION_COMMENTS = YES;
				CLANG_WARN_EMPTY_BODY = YES;
				CLANG_WARN_ENUM_CONVERSION = YES;
				CLANG_WARN_INFINITE_RECURSION = YES;
				CLANG_WARN_INT_CONVERSION = YES;
				CLANG_WARN_NON_LITERAL_NULL_CONVERSION = YES;
				CLANG_WARN_OBJC_IMPLICIT_RETAIN_SELF = YES;
				CLANG_WARN_OBJC_LITERAL_CONVERSION = YES;
				CLANG_WARN_OBJC_ROOT_CLASS = YES_ERROR;
				CLANG_WARN_QUOTED_INCLUDE_IN_FRAMEWORK_HEADER = YES;
				CLANG_WARN_RANGE_LOOP_ANALYSIS = YES;
				CLANG_WARN_STRICT_PROTOTYPES = YES;
				CLANG_WARN_SUSPICIOUS_MOVE = YES;
				CLANG_WARN_UNGUARDED_AVAILABILITY = YES_AGGRESSIVE;
				CLANG_WARN_UNREACHABLE_CODE = YES;
				CLANG_WARN__DUPLICATE_METHOD_MATCH = YES;
				COPY_PHASE_STRIP = NO;
				DEBUG_INFORMATION_FORMAT = "dwarf-with-dsym";
				ENABLE_NS_ASSERTIONS = NO;
				ENABLE_STRICT_OBJC_MSGSEND = YES;
				GCC_C_LANGUAGE_STANDARD = gnu11;
				GCC_NO_COMMON_BLOCKS = YES;
				GCC_WARN_64_TO_32_BIT_CONVERSION = YES;
				GCC_WARN_ABOUT_RETURN_TYPE = YES_ERROR;
				GCC_WARN_UNDECLARED_SELECTOR = YES;
				GCC_WARN_UNINITIALIZED_AUTOS = YES_AGGRESSIVE;
				GCC_WARN_UNUSED_FUNCTION = YES;
				GCC_WARN_UNUSED_VARIABLE = YES;
				IPHONEOS_DEPLOYMENT_TARGET = 14.5;
				MTL_ENABLE_DEBUG_INFO = NO;
				MTL_FAST_MATH = YES;
				SDKROOT = iphoneos;
				SWIFT_COMPILATION_MODE = wholemodule;
				SWIFT_OPTIMIZATION_LEVEL = "-O";
				VALIDATE_PRODUCT = YES;
			};
			name = Release;
		};
		C44446A4292E564700ECA86C /* Debug */ = {
			isa = XCBuildConfiguration;
			buildSettings = {
				ASSETCATALOG_COMPILER_APPICON_NAME = AppIcon;
				ASSETCATALOG_COMPILER_GLOBAL_ACCENT_COLOR_NAME = AccentColor;
				CODE_SIGN_STYLE = Automatic;
				INFOPLIST_FILE = HoliApp/Info.plist;
				LD_RUNPATH_SEARCH_PATHS = (
					"$(inherited)",
					"@executable_path/Frameworks",
				);
				PRODUCT_BUNDLE_IDENTIFIER = Edfarm.HoliApp;
				PRODUCT_NAME = "$(TARGET_NAME)";
				SWIFT_VERSION = 5.0;
				TARGETED_DEVICE_FAMILY = "1,2";
			};
			name = Debug;
		};
		C44446A5292E564700ECA86C /* Release */ = {
			isa = XCBuildConfiguration;
			buildSettings = {
				ASSETCATALOG_COMPILER_APPICON_NAME = AppIcon;
				ASSETCATALOG_COMPILER_GLOBAL_ACCENT_COLOR_NAME = AccentColor;
				CODE_SIGN_STYLE = Automatic;
				INFOPLIST_FILE = HoliApp/Info.plist;
				LD_RUNPATH_SEARCH_PATHS = (
					"$(inherited)",
					"@executable_path/Frameworks",
				);
				PRODUCT_BUNDLE_IDENTIFIER = Edfarm.HoliApp;
				PRODUCT_NAME = "$(TARGET_NAME)";
				SWIFT_VERSION = 5.0;
				TARGETED_DEVICE_FAMILY = "1,2";
			};
			name = Release;
		};
/* End XCBuildConfiguration section */

/* Begin XCConfigurationList section */
		C444468A292E564500ECA86C /* Build configuration list for PBXProject "HoliApp" */ = {
			isa = XCConfigurationList;
			buildConfigurations = (
				C44446A1292E564700ECA86C /* Debug */,
				C44446A2292E564700ECA86C /* Release */,
			);
			defaultConfigurationIsVisible = 0;
			defaultConfigurationName = Release;
		};
		C44446A3292E564700ECA86C /* Build configuration list for PBXNativeTarget "HoliApp" */ = {
			isa = XCConfigurationList;
			buildConfigurations = (
				C44446A4292E564700ECA86C /* Debug */,
				C44446A5292E564700ECA86C /* Release */,
			);
			defaultConfigurationIsVisible = 0;
			defaultConfigurationName = Release;
		};
/* End XCConfigurationList section */
	};
	rootObject = C4444687292E564500ECA86C /* Project object */;
}
